
Microsoft Visual Studio Solution File, Format Version 12.00
# Visual Studio Version 17
VisualStudioVersion = 17.12.35514.174
MinimumVisualStudioVersion = 10.0.40219.1
Project("{FAE04EC0-301F-11D3-BF4B-00C04F79EFBC}") = "YStore", "YStore.csproj", "{37437CFD-2F7B-4A40-985A-EB6D76BC3373}"
EndProject
Project("{FAE04EC0-301F-11D3-BF4B-00C04F79EFBC}") = "ApiClient", "ApiClient\ApiClient.csproj", "{3294A56E-F8BE-400F-B04A-463E2418AB02}"
EndProject
Global
	GlobalSection(SolutionConfigurationPlatforms) = preSolution
		Debug|Any CPU = Debug|Any CPU
		Release|Any CPU = Release|Any CPU
	EndGlobalSection
	GlobalSection(ProjectConfigurationPlatforms) = postSolution
		{37437CFD-2F7B-4A40-985A-EB6D76BC3373}.Debug|Any CPU.ActiveCfg = Debug|Any CPU
		{37437CFD-2F7B-4A40-985A-EB6D76BC3373}.Debug|Any CPU.Build.0 = Debug|Any CPU
		{37437CFD-2F7B-4A40-985A-EB6D76BC3373}.Release|Any CPU.ActiveCfg = Release|Any CPU
		{37437CFD-2F7B-4A40-985A-EB6D76BC3373}.Release|Any CPU.Build.0 = Release|Any CPU
		{3294A56E-F8BE-400F-B04A-463E2418AB02}.Debug|Any CPU.ActiveCfg = Debug|Any CPU
		{3294A56E-F8BE-400F-B04A-463E2418AB02}.Debug|Any CPU.Build.0 = Debug|Any CPU
		{3294A56E-F8BE-400F-B04A-463E2418AB02}.Release|Any CPU.ActiveCfg = Release|Any CPU
		{3294A56E-F8BE-400F-B04A-463E2418AB02}.Release|Any CPU.Build.0 = Release|Any CPU
	EndGlobalSection
	GlobalSection(SolutionProperties) = preSolution
		HideSolutionNode = FALSE
	EndGlobalSection
EndGlobal
